
Microsoft Visual Studio Solution File, Format Version 12.00
# Visual Studio Version 17
VisualStudioVersion = 17.13.35825.156
MinimumVisualStudioVersion = 10.0.40219.1
Project("{FAE04EC0-301F-11D3-BF4B-00C04F79EFBC}") = "ServerManagement", "ServerManagement\ServerManagement.csproj", "{BC4C1B83-C91A-4FE5-95D2-58FEB1D0D72D}"
EndProject
Project("{FAE04EC0-301F-11D3-BF4B-00C04F79EFBC}") = "ToDoApp", "ToDoApp\ToDoApp.csproj", "{1D47769D-20E2-4856-A2D8-E0C26DFA2145}"
EndProject
Global
	GlobalSection(SolutionConfigurationPlatforms) = preSolution
		Debug|Any CPU = Debug|Any CPU
		Release|Any CPU = Release|Any CPU
	EndGlobalSection
	GlobalSection(ProjectConfigurationPlatforms) = postSolution
		{BC4C1B83-C91A-4FE5-95D2-58FEB1D0D72D}.Debug|Any CPU.ActiveCfg = Debug|Any CPU
		{BC4C1B83-C91A-4FE5-95D2-58FEB1D0D72D}.Debug|Any CPU.Build.0 = Debug|Any CPU
		{BC4C1B83-C91A-4FE5-95D2-58FEB1D0D72D}.Release|Any CPU.ActiveCfg = Release|Any CPU
		{BC4C1B83-C91A-4FE5-95D2-58FEB1D0D72D}.Release|Any CPU.Build.0 = Release|Any CPU
		{1D47769D-20E2-4856-A2D8-E0C26DFA2145}.Debug|Any CPU.ActiveCfg = Debug|Any CPU
		{1D47769D-20E2-4856-A2D8-E0C26DFA2145}.Debug|Any CPU.Build.0 = Debug|Any CPU
		{1D47769D-20E2-4856-A2D8-E0C26DFA2145}.Release|Any CPU.ActiveCfg = Release|Any CPU
		{1D47769D-20E2-4856-A2D8-E0C26DFA2145}.Release|Any CPU.Build.0 = Release|Any CPU
	EndGlobalSection
	GlobalSection(SolutionProperties) = preSolution
		HideSolutionNode = FALSE
	EndGlobalSection
	GlobalSection(ExtensibilityGlobals) = postSolution
		SolutionGuid = {32B0632D-C75E-469E-86DE-DE1D2B0CB056}
	EndGlobalSection
EndGlobal
